
Microsoft Visual Studio Solution File, Format Version 12.00
# Visual Studio Version 17
VisualStudioVersion = 17.13.35825.156 d17.13
MinimumVisualStudioVersion = 10.0.40219.1
Project("{FAE04EC0-301F-11D3-BF4B-00C04F79EFBC}") = "Do_An_Lap_Trinh_Web", "Do_An_Lap_Trinh_Web\Do_An_Lap_Trinh_Web.csproj", "{DCE8F0B6-A8AE-498C-BFEC-EFF18B2634B8}"
EndProject
Global
	GlobalSection(SolutionConfigurationPlatforms) = preSolution
		Debug|Any CPU = Debug|Any CPU
		Release|Any CPU = Release|Any CPU
	EndGlobalSection
	GlobalSection(ProjectConfigurationPlatforms) = postSolution
		{DCE8F0B6-A8AE-498C-BFEC-EFF18B2634B8}.Debug|Any CPU.ActiveCfg = Debug|Any CPU
		{DCE8F0B6-A8AE-498C-BFEC-EFF18B2634B8}.Debug|Any CPU.Build.0 = Debug|Any CPU
		{DCE8F0B6-A8AE-498C-BFEC-EFF18B2634B8}.Release|Any CPU.ActiveCfg = Release|Any CPU
		{DCE8F0B6-A8AE-498C-BFEC-EFF18B2634B8}.Release|Any CPU.Build.0 = Release|Any CPU
	EndGlobalSection
	GlobalSection(SolutionProperties) = preSolution
		HideSolutionNode = FALSE
	EndGlobalSection
	GlobalSection(ExtensibilityGlobals) = postSolution
		SolutionGuid = {AD61B27A-9F58-4090-84AA-B365DAC2A1E8}
	EndGlobalSection
EndGlobal
